// !$*UTF8*$!
{
	archiveVersion = 1;
	classes = {
	};
	objectVersion = 46;
	objects = {

/* Begin PBXBuildFile section */
		2204D32E18EDEDDD00C2EB77 /* Foundation.framework in Frameworks */ = {isa = PBXBuildFile; fileRef = 2204D32D18EDEDDD00C2EB77 /* Foundation.framework */; };
		2204D33018EDEDDD00C2EB77 /* CoreGraphics.framework in Frameworks */ = {isa = PBXBuildFile; fileRef = 2204D32F18EDEDDD00C2EB77 /* CoreGraphics.framework */; };
		2204D33218EDEDDD00C2EB77 /* UIKit.framework in Frameworks */ = {isa = PBXBuildFile; fileRef = 2204D33118EDEDDD00C2EB77 /* UIKit.framework */; };
		2204D33818EDEDDD00C2EB77 /* InfoPlist.strings in Resources */ = {isa = PBXBuildFile; fileRef = 2204D33618EDEDDD00C2EB77 /* InfoPlist.strings */; };
		2204D33A18EDEDDD00C2EB77 /* main.m in Sources */ = {isa = PBXBuildFile; fileRef = 2204D33918EDEDDD00C2EB77 /* main.m */; };
		2204D33E18EDEDDD00C2EB77 /* Beyond2021AppDelegate.m in Sources */ = {isa = PBXBuildFile; fileRef = 2204D33D18EDEDDD00C2EB77 /* Beyond2021AppDelegate.m */; };
		2204D34118EDEDDD00C2EB77 /* Main_iPhone.storyboard in Resources */ = {isa = PBXBuildFile; fileRef = 2204D33F18EDEDDD00C2EB77 /* Main_iPhone.storyboard */; };
		2204D34418EDEDDD00C2EB77 /* Main_iPad.storyboard in Resources */ = {isa = PBXBuildFile; fileRef = 2204D34218EDEDDD00C2EB77 /* Main_iPad.storyboard */; };
		2204D34718EDEDDD00C2EB77 /* Beyond2021ViewController.m in Sources */ = {isa = PBXBuildFile; fileRef = 2204D34618EDEDDD00C2EB77 /* Beyond2021ViewController.m */; };
		2204D34918EDEDDD00C2EB77 /* Images.xcassets in Resources */ = {isa = PBXBuildFile; fileRef = 2204D34818EDEDDD00C2EB77 /* Images.xcassets */; };
		2204D35018EDEDDE00C2EB77 /* XCTest.framework in Frameworks */ = {isa = PBXBuildFile; fileRef = 2204D34F18EDEDDE00C2EB77 /* XCTest.framework */; };
		2204D35118EDEDDE00C2EB77 /* Foundation.framework in Frameworks */ = {isa = PBXBuildFile; fileRef = 2204D32D18EDEDDD00C2EB77 /* Foundation.framework */; };
		2204D35218EDEDDE00C2EB77 /* UIKit.framework in Frameworks */ = {isa = PBXBuildFile; fileRef = 2204D33118EDEDDD00C2EB77 /* UIKit.framework */; };
		2204D35A18EDEDDE00C2EB77 /* InfoPlist.strings in Resources */ = {isa = PBXBuildFile; fileRef = 2204D35818EDEDDE00C2EB77 /* InfoPlist.strings */; };
		2204D35C18EDEDDE00C2EB77 /* Soho_GourmetTests.m in Sources */ = {isa = PBXBuildFile; fileRef = 2204D35B18EDEDDE00C2EB77 /* Soho_GourmetTests.m */; };
		2204D39118EDEF1400C2EB77 /* .DS_Store in Resources */ = {isa = PBXBuildFile; fileRef = 2204D36618EDEF1400C2EB77 /* .DS_Store */; };
		2204D39218EDEF1400C2EB77 /* bg_counter.png in Resources */ = {isa = PBXBuildFile; fileRef = 2204D36718EDEF1400C2EB77 /* bg_counter.png */; };
		2204D39318EDEF1400C2EB77 /* bg_counter@2x.png in Resources */ = {isa = PBXBuildFile; fileRef = 2204D36818EDEF1400C2EB77 /* bg_counter@2x.png */; };
		2204D39418EDEF1400C2EB77 /* bg_wall.png in Resources */ = {isa = PBXBuildFile; fileRef = 2204D36918EDEF1400C2EB77 /* bg_wall.png */; };
		2204D39518EDEF1400C2EB77 /* bg_wall@2x.png in Resources */ = {isa = PBXBuildFile; fileRef = 2204D36A18EDEF1400C2EB77 /* bg_wall@2x.png */; };
		2204D39618EDEF1400C2EB77 /* button_arrow_left.png in Resources */ = {isa = PBXBuildFile; fileRef = 2204D36B18EDEF1400C2EB77 /* button_arrow_left.png */; };
		2204D39718EDEF1500C2EB77 /* button_arrow_left@2x.png in Resources */ = {isa = PBXBuildFile; fileRef = 2204D36C18EDEF1400C2EB77 /* button_arrow_left@2x.png */; };
		2204D39818EDEF1500C2EB77 /* button_arrow.png in Resources */ = {isa = PBXBuildFile; fileRef = 2204D36D18EDEF1400C2EB77 /* button_arrow.png */; };
		2204D39918EDEF1500C2EB77 /* button_arrow@2x.png in Resources */ = {isa = PBXBuildFile; fileRef = 2204D36E18EDEF1400C2EB77 /* button_arrow@2x.png */; };
		2204D39A18EDEF1500C2EB77 /* button_silver_stretch.png in Resources */ = {isa = PBXBuildFile; fileRef = 2204D36F18EDEF1400C2EB77 /* button_silver_stretch.png */; };
		2204D39B18EDEF1500C2EB77 /* button_silver_stretch@2x.png in Resources */ = {isa = PBXBuildFile; fileRef = 2204D37018EDEF1400C2EB77 /* button_silver_stretch@2x.png */; };
		2204D39C18EDEF1500C2EB77 /* button_silver.png in Resources */ = {isa = PBXBuildFile; fileRef = 2204D37118EDEF1400C2EB77 /* button_silver.png */; };
		2204D39D18EDEF1500C2EB77 /* button_silver@2x.png in Resources */ = {isa = PBXBuildFile; fileRef = 2204D37218EDEF1400C2EB77 /* button_silver@2x.png */; };
		2204D39E18EDEF1500C2EB77 /* chalkboard.png in Resources */ = {isa = PBXBuildFile; fileRef = 2204D37318EDEF1400C2EB77 /* chalkboard.png */; };
		2204D39F18EDEF1500C2EB77 /* chalkboard@2x.png in Resources */ = {isa = PBXBuildFile; fileRef = 2204D37418EDEF1400C2EB77 /* chalkboard@2x.png */; };
		2204D3A018EDEF1500C2EB77 /* food_box.png in Resources */ = {isa = PBXBuildFile; fileRef = 2204D37518EDEF1400C2EB77 /* food_box.png */; };
		2204D3A118EDEF1500C2EB77 /* food_box@2x.png in Resources */ = {isa = PBXBuildFile; fileRef = 2204D37618EDEF1400C2EB77 /* food_box@2x.png */; };
		2204D3A218EDEF1500C2EB77 /* food_cheeseburger.png in Resources */ = {isa = PBXBuildFile; fileRef = 2204D37718EDEF1400C2EB77 /* food_cheeseburger.png */; };
		2204D3A318EDEF1500C2EB77 /* food_cheeseburger@2x.png in Resources */ = {isa = PBXBuildFile; fileRef = 2204D37818EDEF1400C2EB77 /* food_cheeseburger@2x.png */; };
		2204D3A418EDEF1500C2EB77 /* food_fries.png in Resources */ = {isa = PBXBuildFile; fileRef = 2204D37918EDEF1400C2EB77 /* food_fries.png */; };
		2204D3A518EDEF1500C2EB77 /* food_fries@2x.png in Resources */ = {isa = PBXBuildFile; fileRef = 2204D37A18EDEF1400C2EB77 /* food_fries@2x.png */; };
		2204D3A618EDEF1500C2EB77 /* food_hamburger.png in Resources */ = {isa = PBXBuildFile; fileRef = 2204D37B18EDEF1400C2EB77 /* food_hamburger.png */; };
		2204D3A718EDEF1500C2EB77 /* food_hamburger@2x.png in Resources */ = {isa = PBXBuildFile; fileRef = 2204D37C18EDEF1400C2EB77 /* food_hamburger@2x.png */; };
		2204D3A818EDEF1500C2EB77 /* food_milkshake.png in Resources */ = {isa = PBXBuildFile; fileRef = 2204D37D18EDEF1400C2EB77 /* food_milkshake.png */; };
		2204D3A918EDEF1500C2EB77 /* food_milkshake@2x.png in Resources */ = {isa = PBXBuildFile; fileRef = 2204D37E18EDEF1400C2EB77 /* food_milkshake@2x.png */; };
		2204D3AA18EDEF1500C2EB77 /* food_onion-rings.png in Resources */ = {isa = PBXBuildFile; fileRef = 2204D37F18EDEF1400C2EB77 /* food_onion-rings.png */; };
		2204D3AB18EDEF1500C2EB77 /* food_onion-rings@2x.png in Resources */ = {isa = PBXBuildFile; fileRef = 2204D38018EDEF1400C2EB77 /* food_onion-rings@2x.png */; };
		2204D3AC18EDEF1500C2EB77 /* food_pizza.png in Resources */ = {isa = PBXBuildFile; fileRef = 2204D38118EDEF1400C2EB77 /* food_pizza.png */; };
		2204D3AD18EDEF1500C2EB77 /* food_pizza@2x.png in Resources */ = {isa = PBXBuildFile; fileRef = 2204D38218EDEF1400C2EB77 /* food_pizza@2x.png */; };
		2204D3AE18EDEF1500C2EB77 /* food_soda.png in Resources */ = {isa = PBXBuildFile; fileRef = 2204D38318EDEF1400C2EB77 /* food_soda.png */; };
		2204D3AF18EDEF1500C2EB77 /* food_soda@2x.png in Resources */ = {isa = PBXBuildFile; fileRef = 2204D38418EDEF1400C2EB77 /* food_soda@2x.png */; };
		2204D3B018EDEF1500C2EB77 /* mockup_diner.png in Resources */ = {isa = PBXBuildFile; fileRef = 2204D38518EDEF1400C2EB77 /* mockup_diner.png */; };
		2204D3B118EDEF1500C2EB77 /* mockup_diner@2x.png in Resources */ = {isa = PBXBuildFile; fileRef = 2204D38618EDEF1400C2EB77 /* mockup_diner@2x.png */; };
		2204D3B218EDEF1500C2EB77 /* person.png in Resources */ = {isa = PBXBuildFile; fileRef = 2204D38718EDEF1400C2EB77 /* person.png */; };
		2204D3B318EDEF1500C2EB77 /* person@2x.png in Resources */ = {isa = PBXBuildFile; fileRef = 2204D38818EDEF1400C2EB77 /* person@2x.png */; };
		2204D3B418EDEF1500C2EB77 /* sign_blank.png in Resources */ = {isa = PBXBuildFile; fileRef = 2204D38918EDEF1400C2EB77 /* sign_blank.png */; };
		2204D3B518EDEF1500C2EB77 /* sign_blank@2x.png in Resources */ = {isa = PBXBuildFile; fileRef = 2204D38A18EDEF1400C2EB77 /* sign_blank@2x.png */; };
		2204D3B618EDEF1500C2EB77 /* sign_theiOSdiner.png in Resources */ = {isa = PBXBuildFile; fileRef = 2204D38B18EDEF1400C2EB77 /* sign_theiOSdiner.png */; };
		2204D3B718EDEF1500C2EB77 /* sign_theiOSdiner@2x.png in Resources */ = {isa = PBXBuildFile; fileRef = 2204D38C18EDEF1400C2EB77 /* sign_theiOSdiner@2x.png */; };
		2204D3B818EDEF1500C2EB77 /* total_field_stretch.png in Resources */ = {isa = PBXBuildFile; fileRef = 2204D38D18EDEF1400C2EB77 /* total_field_stretch.png */; };
		2204D3B918EDEF1500C2EB77 /* total_field_stretch@2x.png in Resources */ = {isa = PBXBuildFile; fileRef = 2204D38E18EDEF1400C2EB77 /* total_field_stretch@2x.png */; };
		2204D3BA18EDEF1500C2EB77 /* total_field.png in Resources */ = {isa = PBXBuildFile; fileRef = 2204D38F18EDEF1400C2EB77 /* total_field.png */; };
		2204D3BB18EDEF1500C2EB77 /* total_field@2x.png in Resources */ = {isa = PBXBuildFile; fileRef = 2204D39018EDEF1400C2EB77 /* total_field@2x.png */; };
/* End PBXBuildFile section */

/* Begin PBXContainerItemProxy section */
		2204D35318EDEDDE00C2EB77 /* PBXContainerItemProxy */ = {
			isa = PBXContainerItemProxy;
			containerPortal = 2204D32218EDEDDD00C2EB77 /* Project object */;
			proxyType = 1;
			remoteGlobalIDString = 2204D32918EDEDDD00C2EB77;
			remoteInfo = "Soho Gourmet";
		};
/* End PBXContainerItemProxy section */

/* Begin PBXFileReference section */
		2204D32A18EDEDDD00C2EB77 /* Soho Gourmet.app */ = {isa = PBXFileReference; explicitFileType = wrapper.application; includeInIndex = 0; path = "Soho Gourmet.app"; sourceTree = BUILT_PRODUCTS_DIR; };
		2204D32D18EDEDDD00C2EB77 /* Foundation.framework */ = {isa = PBXFileReference; lastKnownFileType = wrapper.framework; name = Foundation.framework; path = System/Library/Frameworks/Foundation.framework; sourceTree = SDKROOT; };
		2204D32F18EDEDDD00C2EB77 /* CoreGraphics.framework */ = {isa = PBXFileReference; lastKnownFileType = wrapper.framework; name = CoreGraphics.framework; path = System/Library/Frameworks/CoreGraphics.framework; sourceTree = SDKROOT; };
		2204D33118EDEDDD00C2EB77 /* UIKit.framework */ = {isa = PBXFileReference; lastKnownFileType = wrapper.framework; name = UIKit.framework; path = System/Library/Frameworks/UIKit.framework; sourceTree = SDKROOT; };
		2204D33518EDEDDD00C2EB77 /* Soho Gourmet-Info.plist */ = {isa = PBXFileReference; lastKnownFileType = text.plist.xml; path = "Soho Gourmet-Info.plist"; sourceTree = "<group>"; };
		2204D33718EDEDDD00C2EB77 /* en */ = {isa = PBXFileReference; lastKnownFileType = text.plist.strings; name = en; path = en.lproj/InfoPlist.strings; sourceTree = "<group>"; };
		2204D33918EDEDDD00C2EB77 /* main.m */ = {isa = PBXFileReference; lastKnownFileType = sourcecode.c.objc; path = main.m; sourceTree = "<group>"; };
		2204D33B18EDEDDD00C2EB77 /* Soho Gourmet-Prefix.pch */ = {isa = PBXFileReference; lastKnownFileType = sourcecode.c.h; path = "Soho Gourmet-Prefix.pch"; sourceTree = "<group>"; };
		2204D33C18EDEDDD00C2EB77 /* Beyond2021AppDelegate.h */ = {isa = PBXFileReference; lastKnownFileType = sourcecode.c.h; path = Beyond2021AppDelegate.h; sourceTree = "<group>"; };
		2204D33D18EDEDDD00C2EB77 /* Beyond2021AppDelegate.m */ = {isa = PBXFileReference; lastKnownFileType = sourcecode.c.objc; path = Beyond2021AppDelegate.m; sourceTree = "<group>"; };
		2204D34018EDEDDD00C2EB77 /* Base */ = {isa = PBXFileReference; lastKnownFileType = file.storyboard; name = Base; path = Base.lproj/Main_iPhone.storyboard; sourceTree = "<group>"; };
		2204D34318EDEDDD00C2EB77 /* Base */ = {isa = PBXFileReference; lastKnownFileType = file.storyboard; name = Base; path = Base.lproj/Main_iPad.storyboard; sourceTree = "<group>"; };
		2204D34518EDEDDD00C2EB77 /* Beyond2021ViewController.h */ = {isa = PBXFileReference; lastKnownFileType = sourcecode.c.h; path = Beyond2021ViewController.h; sourceTree = "<group>"; };
		2204D34618EDEDDD00C2EB77 /* Beyond2021ViewController.m */ = {isa = PBXFileReference; lastKnownFileType = sourcecode.c.objc; path = Beyond2021ViewController.m; sourceTree = "<group>"; };
		2204D34818EDEDDD00C2EB77 /* Images.xcassets */ = {isa = PBXFileReference; lastKnownFileType = folder.assetcatalog; path = Images.xcassets; sourceTree = "<group>"; };
		2204D34E18EDEDDE00C2EB77 /* Soho GourmetTests.xctest */ = {isa = PBXFileReference; explicitFileType = wrapper.cfbundle; includeInIndex = 0; path = "Soho GourmetTests.xctest"; sourceTree = BUILT_PRODUCTS_DIR; };
		2204D34F18EDEDDE00C2EB77 /* XCTest.framework */ = {isa = PBXFileReference; lastKnownFileType = wrapper.framework; name = XCTest.framework; path = Library/Frameworks/XCTest.framework; sourceTree = DEVELOPER_DIR; };
		2204D35718EDEDDE00C2EB77 /* Soho GourmetTests-Info.plist */ = {isa = PBXFileReference; lastKnownFileType = text.plist.xml; path = "Soho GourmetTests-Info.plist"; sourceTree = "<group>"; };
		2204D35918EDEDDE00C2EB77 /* en */ = {isa = PBXFileReference; lastKnownFileType = text.plist.strings; name = en; path = en.lproj/InfoPlist.strings; sourceTree = "<group>"; };
		2204D35B18EDEDDE00C2EB77 /* Soho_GourmetTests.m */ = {isa = PBXFileReference; lastKnownFileType = sourcecode.c.objc; path = Soho_GourmetTests.m; sourceTree = "<group>"; };
		2204D36618EDEF1400C2EB77 /* .DS_Store */ = {isa = PBXFileReference; lastKnownFileType = file; path = .DS_Store; sourceTree = "<group>"; };
		2204D36718EDEF1400C2EB77 /* bg_counter.png */ = {isa = PBXFileReference; lastKnownFileType = image.png; path = bg_counter.png; sourceTree = "<group>"; };
		2204D36818EDEF1400C2EB77 /* bg_counter@2x.png */ = {isa = PBXFileReference; lastKnownFileType = image.png; path = "bg_counter@2x.png"; sourceTree = "<group>"; };
		2204D36918EDEF1400C2EB77 /* bg_wall.png */ = {isa = PBXFileReference; lastKnownFileType = image.png; path = bg_wall.png; sourceTree = "<group>"; };
		2204D36A18EDEF1400C2EB77 /* bg_wall@2x.png */ = {isa = PBXFileReference; lastKnownFileType = image.png; path = "bg_wall@2x.png"; sourceTree = "<group>"; };
		2204D36B18EDEF1400C2EB77 /* button_arrow_left.png */ = {isa = PBXFileReference; lastKnownFileType = image.png; path = button_arrow_left.png; sourceTree = "<group>"; };
		2204D36C18EDEF1400C2EB77 /* button_arrow_left@2x.png */ = {isa = PBXFileReference; lastKnownFileType = image.png; path = "button_arrow_left@2x.png"; sourceTree = "<group>"; };
		2204D36D18EDEF1400C2EB77 /* button_arrow.png */ = {isa = PBXFileReference; lastKnownFileType = image.png; path = button_arrow.png; sourceTree = "<group>"; };
		2204D36E18EDEF1400C2EB77 /* button_arrow@2x.png */ = {isa = PBXFileReference; lastKnownFileType = image.png; path = "button_arrow@2x.png"; sourceTree = "<group>"; };
		2204D36F18EDEF1400C2EB77 /* button_silver_stretch.png */ = {isa = PBXFileReference; lastKnownFileType = image.png; path = button_silver_stretch.png; sourceTree = "<group>"; };
		2204D37018EDEF1400C2EB77 /* button_silver_stretch@2x.png */ = {isa = PBXFileReference; lastKnownFileType = image.png; path = "button_silver_stretch@2x.png"; sourceTree = "<group>"; };
		2204D37118EDEF1400C2EB77 /* button_silver.png */ = {isa = PBXFileReference; lastKnownFileType = image.png; path = button_silver.png; sourceTree = "<group>"; };
		2204D37218EDEF1400C2EB77 /* button_silver@2x.png */ = {isa = PBXFileReference; lastKnownFileType = image.png; path = "button_silver@2x.png"; sourceTree = "<group>"; };
		2204D37318EDEF1400C2EB77 /* chalkboard.png */ = {isa = PBXFileReference; lastKnownFileType = image.png; path = chalkboard.png; sourceTree = "<group>"; };
		2204D37418EDEF1400C2EB77 /* chalkboard@2x.png */ = {isa = PBXFileReference; lastKnownFileType = image.png; path = "chalkboard@2x.png"; sourceTree = "<group>"; };
		2204D37518EDEF1400C2EB77 /* food_box.png */ = {isa = PBXFileReference; lastKnownFileType = image.png; path = food_box.png; sourceTree = "<group>"; };
		2204D37618EDEF1400C2EB77 /* food_box@2x.png */ = {isa = PBXFileReference; lastKnownFileType = image.png; path = "food_box@2x.png"; sourceTree = "<group>"; };
		2204D37718EDEF1400C2EB77 /* food_cheeseburger.png */ = {isa = PBXFileReference; lastKnownFileType = image.png; path = food_cheeseburger.png; sourceTree = "<group>"; };
		2204D37818EDEF1400C2EB77 /* food_cheeseburger@2x.png */ = {isa = PBXFileReference; lastKnownFileType = image.png; path = "food_cheeseburger@2x.png"; sourceTree = "<group>"; };
		2204D37918EDEF1400C2EB77 /* food_fries.png */ = {isa = PBXFileReference; lastKnownFileType = image.png; path = food_fries.png; sourceTree = "<group>"; };
		2204D37A18EDEF1400C2EB77 /* food_fries@2x.png */ = {isa = PBXFileReference; lastKnownFileType = image.png; path = "food_fries@2x.png"; sourceTree = "<group>"; };
		2204D37B18EDEF1400C2EB77 /* food_hamburger.png */ = {isa = PBXFileReference; lastKnownFileType = image.png; path = food_hamburger.png; sourceTree = "<group>"; };
		2204D37C18EDEF1400C2EB77 /* food_hamburger@2x.png */ = {isa = PBXFileReference; lastKnownFileType = image.png; path = "food_hamburger@2x.png"; sourceTree = "<group>"; };
		2204D37D18EDEF1400C2EB77 /* food_milkshake.png */ = {isa = PBXFileReference; lastKnownFileType = image.png; path = food_milkshake.png; sourceTree = "<group>"; };
		2204D37E18EDEF1400C2EB77 /* food_milkshake@2x.png */ = {isa = PBXFileReference; lastKnownFileType = image.png; path = "food_milkshake@2x.png"; sourceTree = "<group>"; };
		2204D37F18EDEF1400C2EB77 /* food_onion-rings.png */ = {isa = PBXFileReference; lastKnownFileType = image.png; path = "food_onion-rings.png"; sourceTree = "<group>"; };
		2204D38018EDEF1400C2EB77 /* food_onion-rings@2x.png */ = {isa = PBXFileReference; lastKnownFileType = image.png; path = "food_onion-rings@2x.png"; sourceTree = "<group>"; };
		2204D38118EDEF1400C2EB77 /* food_pizza.png */ = {isa = PBXFileReference; lastKnownFileType = image.png; path = food_pizza.png; sourceTree = "<group>"; };
		2204D38218EDEF1400C2EB77 /* food_pizza@2x.png */ = {isa = PBXFileReference; lastKnownFileType = image.png; path = "food_pizza@2x.png"; sourceTree = "<group>"; };
		2204D38318EDEF1400C2EB77 /* food_soda.png */ = {isa = PBXFileReference; lastKnownFileType = image.png; path = food_soda.png; sourceTree = "<group>"; };
		2204D38418EDEF1400C2EB77 /* food_soda@2x.png */ = {isa = PBXFileReference; lastKnownFileType = image.png; path = "food_soda@2x.png"; sourceTree = "<group>"; };
		2204D38518EDEF1400C2EB77 /* mockup_diner.png */ = {isa = PBXFileReference; lastKnownFileType = image.png; path = mockup_diner.png; sourceTree = "<group>"; };
		2204D38618EDEF1400C2EB77 /* mockup_diner@2x.png */ = {isa = PBXFileReference; lastKnownFileType = image.png; path = "mockup_diner@2x.png"; sourceTree = "<group>"; };
		2204D38718EDEF1400C2EB77 /* person.png */ = {isa = PBXFileReference; lastKnownFileType = image.png; path = person.png; sourceTree = "<group>"; };
		2204D38818EDEF1400C2EB77 /* person@2x.png */ = {isa = PBXFileReference; lastKnownFileType = image.png; path = "person@2x.png"; sourceTree = "<group>"; };
		2204D38918EDEF1400C2EB77 /* sign_blank.png */ = {isa = PBXFileReference; lastKnownFileType = image.png; path = sign_blank.png; sourceTree = "<group>"; };
		2204D38A18EDEF1400C2EB77 /* sign_blank@2x.png */ = {isa = PBXFileReference; lastKnownFileType = image.png; path = "sign_blank@2x.png"; sourceTree = "<group>"; };
		2204D38B18EDEF1400C2EB77 /* sign_theiOSdiner.png */ = {isa = PBXFileReference; lastKnownFileType = image.png; path = sign_theiOSdiner.png; sourceTree = "<group>"; };
		2204D38C18EDEF1400C2EB77 /* sign_theiOSdiner@2x.png */ = {isa = PBXFileReference; lastKnownFileType = image.png; path = "sign_theiOSdiner@2x.png"; sourceTree = "<group>"; };
		2204D38D18EDEF1400C2EB77 /* total_field_stretch.png */ = {isa = PBXFileReference; lastKnownFileType = image.png; path = total_field_stretch.png; sourceTree = "<group>"; };
		2204D38E18EDEF1400C2EB77 /* total_field_stretch@2x.png */ = {isa = PBXFileReference; lastKnownFileType = image.png; path = "total_field_stretch@2x.png"; sourceTree = "<group>"; };
		2204D38F18EDEF1400C2EB77 /* total_field.png */ = {isa = PBXFileReference; lastKnownFileType = image.png; path = total_field.png; sourceTree = "<group>"; };
		2204D39018EDEF1400C2EB77 /* total_field@2x.png */ = {isa = PBXFileReference; lastKnownFileType = image.png; path = "total_field@2x.png"; sourceTree = "<group>"; };
/* End PBXFileReference section */

/* Begin PBXFrameworksBuildPhase section */
		2204D32718EDEDDD00C2EB77 /* Frameworks */ = {
			isa = PBXFrameworksBuildPhase;
			buildActionMask = 2147483647;
			files = (
				2204D33018EDEDDD00C2EB77 /* CoreGraphics.framework in Frameworks */,
				2204D33218EDEDDD00C2EB77 /* UIKit.framework in Frameworks */,
				2204D32E18EDEDDD00C2EB77 /* Foundation.framework in Frameworks */,
			);
			runOnlyForDeploymentPostprocessing = 0;
		};
		2204D34B18EDEDDE00C2EB77 /* Frameworks */ = {
			isa = PBXFrameworksBuildPhase;
			buildActionMask = 2147483647;
			files = (
				2204D35018EDEDDE00C2EB77 /* XCTest.framework in Frameworks */,
				2204D35218EDEDDE00C2EB77 /* UIKit.framework in Frameworks */,
				2204D35118EDEDDE00C2EB77 /* Foundation.framework in Frameworks */,
			);
			runOnlyForDeploymentPostprocessing = 0;
		};
/* End PBXFrameworksBuildPhase section */

/* Begin PBXGroup section */
		2204D32118EDEDDD00C2EB77 = {
			isa = PBXGroup;
			children = (
				2204D36518EDEEEC00C2EB77 /* Images */,
				2204D33318EDEDDD00C2EB77 /* Soho Gourmet */,
				2204D35518EDEDDE00C2EB77 /* Soho GourmetTests */,
				2204D32C18EDEDDD00C2EB77 /* Frameworks */,
				2204D32B18EDEDDD00C2EB77 /* Products */,
			);
			sourceTree = "<group>";
		};
		2204D32B18EDEDDD00C2EB77 /* Products */ = {
			isa = PBXGroup;
			children = (
				2204D32A18EDEDDD00C2EB77 /* Soho Gourmet.app */,
				2204D34E18EDEDDE00C2EB77 /* Soho GourmetTests.xctest */,
			);
			name = Products;
			sourceTree = "<group>";
		};
		2204D32C18EDEDDD00C2EB77 /* Frameworks */ = {
			isa = PBXGroup;
			children = (
				2204D32D18EDEDDD00C2EB77 /* Foundation.framework */,
				2204D32F18EDEDDD00C2EB77 /* CoreGraphics.framework */,
				2204D33118EDEDDD00C2EB77 /* UIKit.framework */,
				2204D34F18EDEDDE00C2EB77 /* XCTest.framework */,
			);
			name = Frameworks;
			sourceTree = "<group>";
		};
		2204D33318EDEDDD00C2EB77 /* Soho Gourmet */ = {
			isa = PBXGroup;
			children = (
				2204D33C18EDEDDD00C2EB77 /* Beyond2021AppDelegate.h */,
				2204D33D18EDEDDD00C2EB77 /* Beyond2021AppDelegate.m */,
				2204D33F18EDEDDD00C2EB77 /* Main_iPhone.storyboard */,
				2204D34218EDEDDD00C2EB77 /* Main_iPad.storyboard */,
				2204D34518EDEDDD00C2EB77 /* Beyond2021ViewController.h */,
				2204D34618EDEDDD00C2EB77 /* Beyond2021ViewController.m */,
				2204D34818EDEDDD00C2EB77 /* Images.xcassets */,
				2204D33418EDEDDD00C2EB77 /* Supporting Files */,
			);
			path = "Soho Gourmet";
			sourceTree = "<group>";
		};
		2204D33418EDEDDD00C2EB77 /* Supporting Files */ = {
			isa = PBXGroup;
			children = (
				2204D33518EDEDDD00C2EB77 /* Soho Gourmet-Info.plist */,
				2204D33618EDEDDD00C2EB77 /* InfoPlist.strings */,
				2204D33918EDEDDD00C2EB77 /* main.m */,
				2204D33B18EDEDDD00C2EB77 /* Soho Gourmet-Prefix.pch */,
			);
			name = "Supporting Files";
			sourceTree = "<group>";
		};
		2204D35518EDEDDE00C2EB77 /* Soho GourmetTests */ = {
			isa = PBXGroup;
			children = (
				2204D35B18EDEDDE00C2EB77 /* Soho_GourmetTests.m */,
				2204D35618EDEDDE00C2EB77 /* Supporting Files */,
			);
			path = "Soho GourmetTests";
			sourceTree = "<group>";
		};
		2204D35618EDEDDE00C2EB77 /* Supporting Files */ = {
			isa = PBXGroup;
			children = (
				2204D35718EDEDDE00C2EB77 /* Soho GourmetTests-Info.plist */,
				2204D35818EDEDDE00C2EB77 /* InfoPlist.strings */,
			);
			name = "Supporting Files";
			sourceTree = "<group>";
		};
		2204D36518EDEEEC00C2EB77 /* Images */ = {
			isa = PBXGroup;
			children = (
				2204D36618EDEF1400C2EB77 /* .DS_Store */,
				2204D36718EDEF1400C2EB77 /* bg_counter.png */,
				2204D36818EDEF1400C2EB77 /* bg_counter@2x.png */,
				2204D36918EDEF1400C2EB77 /* bg_wall.png */,
				2204D36A18EDEF1400C2EB77 /* bg_wall@2x.png */,
				2204D36B18EDEF1400C2EB77 /* button_arrow_left.png */,
				2204D36C18EDEF1400C2EB77 /* button_arrow_left@2x.png */,
				2204D36D18EDEF1400C2EB77 /* button_arrow.png */,
				2204D36E18EDEF1400C2EB77 /* button_arrow@2x.png */,
				2204D36F18EDEF1400C2EB77 /* button_silver_stretch.png */,
				2204D37018EDEF1400C2EB77 /* button_silver_stretch@2x.png */,
				2204D37118EDEF1400C2EB77 /* button_silver.png */,
				2204D37218EDEF1400C2EB77 /* button_silver@2x.png */,
				2204D37318EDEF1400C2EB77 /* chalkboard.png */,
				2204D37418EDEF1400C2EB77 /* chalkboard@2x.png */,
				2204D37518EDEF1400C2EB77 /* food_box.png */,
				2204D37618EDEF1400C2EB77 /* food_box@2x.png */,
				2204D37718EDEF1400C2EB77 /* food_cheeseburger.png */,
				2204D37818EDEF1400C2EB77 /* food_cheeseburger@2x.png */,
				2204D37918EDEF1400C2EB77 /* food_fries.png */,
				2204D37A18EDEF1400C2EB77 /* food_fries@2x.png */,
				2204D37B18EDEF1400C2EB77 /* food_hamburger.png */,
				2204D37C18EDEF1400C2EB77 /* food_hamburger@2x.png */,
				2204D37D18EDEF1400C2EB77 /* food_milkshake.png */,
				2204D37E18EDEF1400C2EB77 /* food_milkshake@2x.png */,
				2204D37F18EDEF1400C2EB77 /* food_onion-rings.png */,
				2204D38018EDEF1400C2EB77 /* food_onion-rings@2x.png */,
				2204D38118EDEF1400C2EB77 /* food_pizza.png */,
				2204D38218EDEF1400C2EB77 /* food_pizza@2x.png */,
				2204D38318EDEF1400C2EB77 /* food_soda.png */,
				2204D38418EDEF1400C2EB77 /* food_soda@2x.png */,
				2204D38518EDEF1400C2EB77 /* mockup_diner.png */,
				2204D38618EDEF1400C2EB77 /* mockup_diner@2x.png */,
				2204D38718EDEF1400C2EB77 /* person.png */,
				2204D38818EDEF1400C2EB77 /* person@2x.png */,
				2204D38918EDEF1400C2EB77 /* sign_blank.png */,
				2204D38A18EDEF1400C2EB77 /* sign_blank@2x.png */,
				2204D38B18EDEF1400C2EB77 /* sign_theiOSdiner.png */,
				2204D38C18EDEF1400C2EB77 /* sign_theiOSdiner@2x.png */,
				2204D38D18EDEF1400C2EB77 /* total_field_stretch.png */,
				2204D38E18EDEF1400C2EB77 /* total_field_stretch@2x.png */,
				2204D38F18EDEF1400C2EB77 /* total_field.png */,
				2204D39018EDEF1400C2EB77 /* total_field@2x.png */,
			);
			name = Images;
			sourceTree = "<group>";
		};
/* End PBXGroup section */

/* Begin PBXNativeTarget section */
		2204D32918EDEDDD00C2EB77 /* Soho Gourmet */ = {
			isa = PBXNativeTarget;
			buildConfigurationList = 2204D35F18EDEDDE00C2EB77 /* Build configuration list for PBXNativeTarget "Soho Gourmet" */;
			buildPhases = (
				2204D32618EDEDDD00C2EB77 /* Sources */,
				2204D32718EDEDDD00C2EB77 /* Frameworks */,
				2204D32818EDEDDD00C2EB77 /* Resources */,
			);
			buildRules = (
			);
			dependencies = (
			);
			name = "Soho Gourmet";
			productName = "Soho Gourmet";
			productReference = 2204D32A18EDEDDD00C2EB77 /* Soho Gourmet.app */;
			productType = "com.apple.product-type.application";
		};
		2204D34D18EDEDDE00C2EB77 /* Soho GourmetTests */ = {
			isa = PBXNativeTarget;
			buildConfigurationList = 2204D36218EDEDDE00C2EB77 /* Build configuration list for PBXNativeTarget "Soho GourmetTests" */;
			buildPhases = (
				2204D34A18EDEDDE00C2EB77 /* Sources */,
				2204D34B18EDEDDE00C2EB77 /* Frameworks */,
				2204D34C18EDEDDE00C2EB77 /* Resources */,
			);
			buildRules = (
			);
			dependencies = (
				2204D35418EDEDDE00C2EB77 /* PBXTargetDependency */,
			);
			name = "Soho GourmetTests";
			productName = "Soho GourmetTests";
			productReference = 2204D34E18EDEDDE00C2EB77 /* Soho GourmetTests.xctest */;
			productType = "com.apple.product-type.bundle.unit-test";
		};
/* End PBXNativeTarget section */

/* Begin PBXProject section */
		2204D32218EDEDDD00C2EB77 /* Project object */ = {
			isa = PBXProject;
			attributes = {
				CLASSPREFIX = Beyond2021;
				LastUpgradeCheck = 0510;
				ORGANIZATIONNAME = "Beyond 2021";
				TargetAttributes = {
					2204D34D18EDEDDE00C2EB77 = {
						TestTargetID = 2204D32918EDEDDD00C2EB77;
					};
				};
			};
			buildConfigurationList = 2204D32518EDEDDD00C2EB77 /* Build configuration list for PBXProject "Soho Gourmet" */;
			compatibilityVersion = "Xcode 3.2";
			developmentRegion = English;
			hasScannedForEncodings = 0;
			knownRegions = (
				en,
				Base,
			);
			mainGroup = 2204D32118EDEDDD00C2EB77;
			productRefGroup = 2204D32B18EDEDDD00C2EB77 /* Products */;
			projectDirPath = "";
			projectRoot = "";
			targets = (
				2204D32918EDEDDD00C2EB77 /* Soho Gourmet */,
				2204D34D18EDEDDE00C2EB77 /* Soho GourmetTests */,
			);
		};
/* End PBXProject section */

/* Begin PBXResourcesBuildPhase section */
		2204D32818EDEDDD00C2EB77 /* Resources */ = {
			isa = PBXResourcesBuildPhase;
			buildActionMask = 2147483647;
			files = (
				2204D3BB18EDEF1500C2EB77 /* total_field@2x.png in Resources */,
				2204D39318EDEF1400C2EB77 /* bg_counter@2x.png in Resources */,
				2204D3A418EDEF1500C2EB77 /* food_fries.png in Resources */,
				2204D39818EDEF1500C2EB77 /* button_arrow.png in Resources */,
				2204D34418EDEDDD00C2EB77 /* Main_iPad.storyboard in Resources */,
				2204D39B18EDEF1500C2EB77 /* button_silver_stretch@2x.png in Resources */,
				2204D3B118EDEF1500C2EB77 /* mockup_diner@2x.png in Resources */,
				2204D3B518EDEF1500C2EB77 /* sign_blank@2x.png in Resources */,
				2204D3AA18EDEF1500C2EB77 /* food_onion-rings.png in Resources */,
				2204D3B718EDEF1500C2EB77 /* sign_theiOSdiner@2x.png in Resources */,
				2204D3A818EDEF1500C2EB77 /* food_milkshake.png in Resources */,
				2204D3A618EDEF1500C2EB77 /* food_hamburger.png in Resources */,
				2204D3A918EDEF1500C2EB77 /* food_milkshake@2x.png in Resources */,
				2204D39D18EDEF1500C2EB77 /* button_silver@2x.png in Resources */,
				2204D3AF18EDEF1500C2EB77 /* food_soda@2x.png in Resources */,
				2204D39C18EDEF1500C2EB77 /* button_silver.png in Resources */,
				2204D39518EDEF1400C2EB77 /* bg_wall@2x.png in Resources */,
				2204D3A318EDEF1500C2EB77 /* food_cheeseburger@2x.png in Resources */,
				2204D3A018EDEF1500C2EB77 /* food_box.png in Resources */,
				2204D39A18EDEF1500C2EB77 /* button_silver_stretch.png in Resources */,
				2204D3AD18EDEF1500C2EB77 /* food_pizza@2x.png in Resources */,
				2204D3A718EDEF1500C2EB77 /* food_hamburger@2x.png in Resources */,
				2204D39118EDEF1400C2EB77 /* .DS_Store in Resources */,
				2204D3B618EDEF1500C2EB77 /* sign_theiOSdiner.png in Resources */,
				2204D3A118EDEF1500C2EB77 /* food_box@2x.png in Resources */,
				2204D39618EDEF1400C2EB77 /* button_arrow_left.png in Resources */,
				2204D39718EDEF1500C2EB77 /* button_arrow_left@2x.png in Resources */,
				2204D34918EDEDDD00C2EB77 /* Images.xcassets in Resources */,
				2204D3AE18EDEF1500C2EB77 /* food_soda.png in Resources */,
				2204D3B418EDEF1500C2EB77 /* sign_blank.png in Resources */,
				2204D3A518EDEF1500C2EB77 /* food_fries@2x.png in Resources */,
				2204D3AC18EDEF1500C2EB77 /* food_pizza.png in Resources */,
				2204D39E18EDEF1500C2EB77 /* chalkboard.png in Resources */,
				2204D3AB18EDEF1500C2EB77 /* food_onion-rings@2x.png in Resources */,
				2204D3BA18EDEF1500C2EB77 /* total_field.png in Resources */,
				2204D3B918EDEF1500C2EB77 /* total_field_stretch@2x.png in Resources */,
				2204D3A218EDEF1500C2EB77 /* food_cheeseburger.png in Resources */,
				2204D39918EDEF1500C2EB77 /* button_arrow@2x.png in Resources */,
				2204D39F18EDEF1500C2EB77 /* chalkboard@2x.png in Resources */,
				2204D3B018EDEF1500C2EB77 /* mockup_diner.png in Resources */,
				2204D34118EDEDDD00C2EB77 /* Main_iPhone.storyboard in Resources */,
				2204D3B218EDEF1500C2EB77 /* person.png in Resources */,
				2204D33818EDEDDD00C2EB77 /* InfoPlist.strings in Resources */,
				2204D39418EDEF1400C2EB77 /* bg_wall.png in Resources */,
				2204D3B818EDEF1500C2EB77 /* total_field_stretch.png in Resources */,
				2204D3B318EDEF1500C2EB77 /* person@2x.png in Resources */,
				2204D39218EDEF1400C2EB77 /* bg_counter.png in Resources */,
			);
			runOnlyForDeploymentPostprocessing = 0;
		};
		2204D34C18EDEDDE00C2EB77 /* Resources */ = {
			isa = PBXResourcesBuildPhase;
			buildActionMask = 2147483647;
			files = (
				2204D35A18EDEDDE00C2EB77 /* InfoPlist.strings in Resources */,
			);
			runOnlyForDeploymentPostprocessing = 0;
		};
/* End PBXResourcesBuildPhase section */

/* Begin PBXSourcesBuildPhase section */
		2204D32618EDEDDD00C2EB77 /* Sources */ = {
			isa = PBXSourcesBuildPhase;
			buildActionMask = 2147483647;
			files = (
				2204D34718EDEDDD00C2EB77 /* Beyond2021ViewController.m in Sources */,
				2204D33E18EDEDDD00C2EB77 /* Beyond2021AppDelegate.m in Sources */,
				2204D33A18EDEDDD00C2EB77 /* main.m in Sources */,
			);
			runOnlyForDeploymentPostprocessing = 0;
		};
		2204D34A18EDEDDE00C2EB77 /* Sources */ = {
			isa = PBXSourcesBuildPhase;
			buildActionMask = 2147483647;
			files = (
				2204D35C18EDEDDE00C2EB77 /* Soho_GourmetTests.m in Sources */,
			);
			runOnlyForDeploymentPostprocessing = 0;
		};
/* End PBXSourcesBuildPhase section */

/* Begin PBXTargetDependency section */
		2204D35418EDEDDE00C2EB77 /* PBXTargetDependency */ = {
			isa = PBXTargetDependency;
			target = 2204D32918EDEDDD00C2EB77 /* Soho Gourmet */;
			targetProxy = 2204D35318EDEDDE00C2EB77 /* PBXContainerItemProxy */;
		};
/* End PBXTargetDependency section */

/* Begin PBXVariantGroup section */
		2204D33618EDEDDD00C2EB77 /* InfoPlist.strings */ = {
			isa = PBXVariantGroup;
			children = (
				2204D33718EDEDDD00C2EB77 /* en */,
			);
			name = InfoPlist.strings;
			sourceTree = "<group>";
		};
		2204D33F18EDEDDD00C2EB77 /* Main_iPhone.storyboard */ = {
			isa = PBXVariantGroup;
			children = (
				2204D34018EDEDDD00C2EB77 /* Base */,
			);
			name = Main_iPhone.storyboard;
			sourceTree = "<group>";
		};
		2204D34218EDEDDD00C2EB77 /* Main_iPad.storyboard */ = {
			isa = PBXVariantGroup;
			children = (
				2204D34318EDEDDD00C2EB77 /* Base */,
			);
			name = Main_iPad.storyboard;
			sourceTree = "<group>";
		};
		2204D35818EDEDDE00C2EB77 /* InfoPlist.strings */ = {
			isa = PBXVariantGroup;
			children = (
				2204D35918EDEDDE00C2EB77 /* en */,
			);
			name = InfoPlist.strings;
			sourceTree = "<group>";
		};
/* End PBXVariantGroup section */

/* Begin XCBuildConfiguration section */
		2204D35D18EDEDDE00C2EB77 /* Debug */ = {
			isa = XCBuildConfiguration;
			buildSettings = {
				ALWAYS_SEARCH_USER_PATHS = NO;
				CLANG_CXX_LANGUAGE_STANDARD = "gnu++0x";
				CLANG_CXX_LIBRARY = "libc++";
				CLANG_ENABLE_MODULES = YES;
				CLANG_ENABLE_OBJC_ARC = YES;
				CLANG_WARN_BOOL_CONVERSION = YES;
				CLANG_WARN_CONSTANT_CONVERSION = YES;
				CLANG_WARN_DIRECT_OBJC_ISA_USAGE = YES_ERROR;
				CLANG_WARN_EMPTY_BODY = YES;
				CLANG_WARN_ENUM_CONVERSION = YES;
				CLANG_WARN_INT_CONVERSION = YES;
				CLANG_WARN_OBJC_ROOT_CLASS = YES_ERROR;
				CLANG_WARN__DUPLICATE_METHOD_MATCH = YES;
				"CODE_SIGN_IDENTITY[sdk=iphoneos*]" = "iPhone Developer";
				COPY_PHASE_STRIP = NO;
				GCC_C_LANGUAGE_STANDARD = gnu99;
				GCC_DYNAMIC_NO_PIC = NO;
				GCC_OPTIMIZATION_LEVEL = 0;
				GCC_PREPROCESSOR_DEFINITIONS = (
					"DEBUG=1",
					"$(inherited)",
				);
				GCC_SYMBOLS_PRIVATE_EXTERN = NO;
				GCC_WARN_64_TO_32_BIT_CONVERSION = YES;
				GCC_WARN_ABOUT_RETURN_TYPE = YES_ERROR;
				GCC_WARN_UNDECLARED_SELECTOR = YES;
				GCC_WARN_UNINITIALIZED_AUTOS = YES_AGGRESSIVE;
				GCC_WARN_UNUSED_FUNCTION = YES;
				GCC_WARN_UNUSED_VARIABLE = YES;
				IPHONEOS_DEPLOYMENT_TARGET = 7.1;
				ONLY_ACTIVE_ARCH = YES;
				SDKROOT = iphoneos;
				TARGETED_DEVICE_FAMILY = "1,2";
			};
			name = Debug;
		};
		2204D35E18EDEDDE00C2EB77 /* Release */ = {
			isa = XCBuildConfiguration;
			buildSettings = {
				ALWAYS_SEARCH_USER_PATHS = NO;
				CLANG_CXX_LANGUAGE_STANDARD = "gnu++0x";
				CLANG_CXX_LIBRARY = "libc++";
				CLANG_ENABLE_MODULES = YES;
				CLANG_ENABLE_OBJC_ARC = YES;
				CLANG_WARN_BOOL_CONVERSION = YES;
				CLANG_WARN_CONSTANT_CONVERSION = YES;
				CLANG_WARN_DIRECT_OBJC_ISA_USAGE = YES_ERROR;
				CLANG_WARN_EMPTY_BODY = YES;
				CLANG_WARN_ENUM_CONVERSION = YES;
				CLANG_WARN_INT_CONVERSION = YES;
				CLANG_WARN_OBJC_ROOT_CLASS = YES_ERROR;
				CLANG_WARN__DUPLICATE_METHOD_MATCH = YES;
				"CODE_SIGN_IDENTITY[sdk=iphoneos*]" = "iPhone Developer";
				COPY_PHASE_STRIP = YES;
				ENABLE_NS_ASSERTIONS = NO;
				GCC_C_LANGUAGE_STANDARD = gnu99;
				GCC_WARN_64_TO_32_BIT_CONVERSION = YES;
				GCC_WARN_ABOUT_RETURN_TYPE = YES_ERROR;
				GCC_WARN_UNDECLARED_SELECTOR = YES;
				GCC_WARN_UNINITIALIZED_AUTOS = YES_AGGRESSIVE;
				GCC_WARN_UNUSED_FUNCTION = YES;
				GCC_WARN_UNUSED_VARIABLE = YES;
				IPHONEOS_DEPLOYMENT_TARGET = 7.1;
				SDKROOT = iphoneos;
				TARGETED_DEVICE_FAMILY = "1,2";
				VALIDATE_PRODUCT = YES;
			};
			name = Release;
		};
		2204D36018EDEDDE00C2EB77 /* Debug */ = {
			isa = XCBuildConfiguration;
			buildSettings = {
				ASSETCATALOG_COMPILER_APPICON_NAME = AppIcon;
				ASSETCATALOG_COMPILER_LAUNCHIMAGE_NAME = LaunchImage;
				GCC_PRECOMPILE_PREFIX_HEADER = YES;
				GCC_PREFIX_HEADER = "Soho Gourmet/Soho Gourmet-Prefix.pch";
				INFOPLIST_FILE = "Soho Gourmet/Soho Gourmet-Info.plist";
				PRODUCT_NAME = "$(TARGET_NAME)";
				WRAPPER_EXTENSION = app;
			};
			name = Debug;
		};
		2204D36118EDEDDE00C2EB77 /* Release */ = {
			isa = XCBuildConfiguration;
			buildSettings = {
				ASSETCATALOG_COMPILER_APPICON_NAME = AppIcon;
				ASSETCATALOG_COMPILER_LAUNCHIMAGE_NAME = LaunchImage;
				GCC_PRECOMPILE_PREFIX_HEADER = YES;
				GCC_PREFIX_HEADER = "Soho Gourmet/Soho Gourmet-Prefix.pch";
				INFOPLIST_FILE = "Soho Gourmet/Soho Gourmet-Info.plist";
				PRODUCT_NAME = "$(TARGET_NAME)";
				WRAPPER_EXTENSION = app;
			};
			name = Release;
		};
		2204D36318EDEDDE00C2EB77 /* Debug */ = {
			isa = XCBuildConfiguration;
			buildSettings = {
				BUNDLE_LOADER = "$(BUILT_PRODUCTS_DIR)/Soho Gourmet.app/Soho Gourmet";
				FRAMEWORK_SEARCH_PATHS = (
					"$(SDKROOT)/Developer/Library/Frameworks",
					"$(inherited)",
					"$(DEVELOPER_FRAMEWORKS_DIR)",
				);
				GCC_PRECOMPILE_PREFIX_HEADER = YES;
				GCC_PREFIX_HEADER = "Soho Gourmet/Soho Gourmet-Prefix.pch";
				GCC_PREPROCESSOR_DEFINITIONS = (
					"DEBUG=1",
					"$(inherited)",
				);
				INFOPLIST_FILE = "Soho GourmetTests/Soho GourmetTests-Info.plist";
				PRODUCT_NAME = "$(TARGET_NAME)";
				TEST_HOST = "$(BUNDLE_LOADER)";
				WRAPPER_EXTENSION = xctest;
			};
			name = Debug;
		};
		2204D36418EDEDDE00C2EB77 /* Release */ = {
			isa = XCBuildConfiguration;
			buildSettings = {
				BUNDLE_LOADER = "$(BUILT_PRODUCTS_DIR)/Soho Gourmet.app/Soho Gourmet";
				FRAMEWORK_SEARCH_PATHS = (
					"$(SDKROOT)/Developer/Library/Frameworks",
					"$(inherited)",
					"$(DEVELOPER_FRAMEWORKS_DIR)",
				);
				GCC_PRECOMPILE_PREFIX_HEADER = YES;
				GCC_PREFIX_HEADER = "Soho Gourmet/Soho Gourmet-Prefix.pch";
				INFOPLIST_FILE = "Soho GourmetTests/Soho GourmetTests-Info.plist";
				PRODUCT_NAME = "$(TARGET_NAME)";
				TEST_HOST = "$(BUNDLE_LOADER)";
				WRAPPER_EXTENSION = xctest;
			};
			name = Release;
		};
/* End XCBuildConfiguration section */

/* Begin XCConfigurationList section */
		2204D32518EDEDDD00C2EB77 /* Build configuration list for PBXProject "Soho Gourmet" */ = {
			isa = XCConfigurationList;
			buildConfigurations = (
				2204D35D18EDEDDE00C2EB77 /* Debug */,
				2204D35E18EDEDDE00C2EB77 /* Release */,
			);
			defaultConfigurationIsVisible = 0;
			defaultConfigurationName = Release;
		};
		2204D35F18EDEDDE00C2EB77 /* Build configuration list for PBXNativeTarget "Soho Gourmet" */ = {
			isa = XCConfigurationList;
			buildConfigurations = (
				2204D36018EDEDDE00C2EB77 /* Debug */,
				2204D36118EDEDDE00C2EB77 /* Release */,
			);
			defaultConfigurationIsVisible = 0;
		};
		2204D36218EDEDDE00C2EB77 /* Build configuration list for PBXNativeTarget "Soho GourmetTests" */ = {
			isa = XCConfigurationList;
			buildConfigurations = (
				2204D36318EDEDDE00C2EB77 /* Debug */,
				2204D36418EDEDDE00C2EB77 /* Release */,
			);
			defaultConfigurationIsVisible = 0;
		};
/* End XCConfigurationList section */
	};
	rootObject = 2204D32218EDEDDD00C2EB77 /* Project object */;
}
